
Microsoft Visual Studio Solution File, Format Version 12.00
# Visual Studio Version 17
VisualStudioVersion = 17.7.34003.232
MinimumVisualStudioVersion = 10.0.40219.1
Project("{FAE04EC0-301F-11D3-BF4B-00C04F79EFBC}") = "BugProject", "BugProject\BugProject.csproj", "{099FA5B4-2D84-438B-9EC8-D42E060B8B40}"
EndProject
Global
	GlobalSection(SolutionConfigurationPlatforms) = preSolution
		Debug|Any CPU = Debug|Any CPU
		Release|Any CPU = Release|Any CPU
	EndGlobalSection
	GlobalSection(ProjectConfigurationPlatforms) = postSolution
		{099FA5B4-2D84-438B-9EC8-D42E060B8B40}.Debug|Any CPU.ActiveCfg = Debug|Any CPU
		{099FA5B4-2D84-438B-9EC8-D42E060B8B40}.Debug|Any CPU.Build.0 = Debug|Any CPU
		{099FA5B4-2D84-438B-9EC8-D42E060B8B40}.Release|Any CPU.ActiveCfg = Release|Any CPU
		{099FA5B4-2D84-438B-9EC8-D42E060B8B40}.Release|Any CPU.Build.0 = Release|Any CPU
	EndGlobalSection
	GlobalSection(SolutionProperties) = preSolution
		HideSolutionNode = FALSE
	EndGlobalSection
	GlobalSection(ExtensibilityGlobals) = postSolution
		SolutionGuid = {6B04268A-45D1-4071-A3ED-274DBF49A7F3}
	EndGlobalSection
EndGlobal
